
Microsoft Visual Studio Solution File, Format Version 12.00
# Visual Studio 15
Project("{FAE04EC0-301F-11D3-BF4B-00C04F79EFBC}") = "Assembly-CSharp", "Assembly-CSharp.csproj", "{EC86708B-6C2D-A311-7ACF-35F68E40CD34}"
EndProject
Project("{FAE04EC0-301F-11D3-BF4B-00C04F79EFBC}") = "Assembly-CSharp-Editor", "Assembly-CSharp-Editor.csproj", "{6F0AA292-C10C-4A35-95AE-43B62470E674}"
EndProject
Global
	GlobalSection(SolutionConfigurationPlatforms) = preSolution
		Debug|Any CPU = Debug|Any CPU
		Release|Any CPU = Release|Any CPU
	EndGlobalSection
	GlobalSection(ProjectConfigurationPlatforms) = postSolution
		{EC86708B-6C2D-A311-7ACF-35F68E40CD34}.Debug|Any CPU.ActiveCfg = Debug|Any CPU
		{EC86708B-6C2D-A311-7ACF-35F68E40CD34}.Debug|Any CPU.Build.0 = Debug|Any CPU
		{EC86708B-6C2D-A311-7ACF-35F68E40CD34}.Release|Any CPU.ActiveCfg = Release|Any CPU
		{EC86708B-6C2D-A311-7ACF-35F68E40CD34}.Release|Any CPU.Build.0 = Release|Any CPU
		{6F0AA292-C10C-4A35-95AE-43B62470E674}.Debug|Any CPU.ActiveCfg = Debug|Any CPU
		{6F0AA292-C10C-4A35-95AE-43B62470E674}.Debug|Any CPU.Build.0 = Debug|Any CPU
		{6F0AA292-C10C-4A35-95AE-43B62470E674}.Release|Any CPU.ActiveCfg = Release|Any CPU
		{6F0AA292-C10C-4A35-95AE-43B62470E674}.Release|Any CPU.Build.0 = Release|Any CPU
	EndGlobalSection
	GlobalSection(SolutionProperties) = preSolution
		HideSolutionNode = FALSE
	EndGlobalSection
EndGlobal
